dependencies:
- name: common
  repository: https://charts.bitnami.com/bitnami
  version: 2.2.4
- name: reloader
  repository: https://stakater.github.io/stakater-charts
  version: 1.0.51
digest: sha256:cb21a4e243a66d5f609bbda6b58e7b4258a0ea0996850fad08e06f4973182f5c
generated: "2023-11-09T02:06:52.041483394Z"
